
Microsoft Visual Studio Solution File, Format Version 12.00
# Visual Studio Version 16
VisualStudioVersion = 16.0.32126.315
MinimumVisualStudioVersion = 10.0.40219.1
Project("{9A19103F-16F7-4668-BE54-9A1E7A4F7556}") = "WebApi", "WebApi\WebApi.csproj", "{78A55AD4-19E2-48A5-92EA-5C84508EC86B}"
EndProject
Project("{FAE04EC0-301F-11D3-BF4B-00C04F79EFBC}") = "Core", "Core\Core.csproj", "{372C006C-1C05-4AC5-B837-115881FDE681}"
EndProject
Project("{FAE04EC0-301F-11D3-BF4B-00C04F79EFBC}") = "Repository", "Repository\Repository.csproj", "{6F2FAE01-FAD7-45E8-B7DC-A29EB815AEDC}"
EndProject
Project("{FAE04EC0-301F-11D3-BF4B-00C04F79EFBC}") = "Service", "Service\Service.csproj", "{E1A45F6C-1DEB-46EC-A317-CE31A413F1D4}"
EndProject
Project("{FAE04EC0-301F-11D3-BF4B-00C04F79EFBC}") = "Caching", "Caching\Caching.csproj", "{B27858C2-E417-4881-A775-4CD97BA58E3D}"
EndProject
Project("{FAE04EC0-301F-11D3-BF4B-00C04F79EFBC}") = "Logging", "Logging\Logging.csproj", "{79F8FB48-0BB1-4673-ACF4-9E810A7AE729}"
EndProject
Global
	GlobalSection(SolutionConfigurationPlatforms) = preSolution
		Debug|Any CPU = Debug|Any CPU
		Release|Any CPU = Release|Any CPU
	EndGlobalSection
	GlobalSection(ProjectConfigurationPlatforms) = postSolution
		{78A55AD4-19E2-48A5-92EA-5C84508EC86B}.Debug|Any CPU.ActiveCfg = Debug|Any CPU
		{78A55AD4-19E2-48A5-92EA-5C84508EC86B}.Debug|Any CPU.Build.0 = Debug|Any CPU
		{78A55AD4-19E2-48A5-92EA-5C84508EC86B}.Release|Any CPU.ActiveCfg = Release|Any CPU
		{78A55AD4-19E2-48A5-92EA-5C84508EC86B}.Release|Any CPU.Build.0 = Release|Any CPU
		{372C006C-1C05-4AC5-B837-115881FDE681}.Debug|Any CPU.ActiveCfg = Debug|Any CPU
		{372C006C-1C05-4AC5-B837-115881FDE681}.Debug|Any CPU.Build.0 = Debug|Any CPU
		{372C006C-1C05-4AC5-B837-115881FDE681}.Release|Any CPU.ActiveCfg = Release|Any CPU
		{372C006C-1C05-4AC5-B837-115881FDE681}.Release|Any CPU.Build.0 = Release|Any CPU
		{6F2FAE01-FAD7-45E8-B7DC-A29EB815AEDC}.Debug|Any CPU.ActiveCfg = Debug|Any CPU
		{6F2FAE01-FAD7-45E8-B7DC-A29EB815AEDC}.Debug|Any CPU.Build.0 = Debug|Any CPU
		{6F2FAE01-FAD7-45E8-B7DC-A29EB815AEDC}.Release|Any CPU.ActiveCfg = Release|Any CPU
		{6F2FAE01-FAD7-45E8-B7DC-A29EB815AEDC}.Release|Any CPU.Build.0 = Release|Any CPU
		{E1A45F6C-1DEB-46EC-A317-CE31A413F1D4}.Debug|Any CPU.ActiveCfg = Debug|Any CPU
		{E1A45F6C-1DEB-46EC-A317-CE31A413F1D4}.Debug|Any CPU.Build.0 = Debug|Any CPU
		{E1A45F6C-1DEB-46EC-A317-CE31A413F1D4}.Release|Any CPU.ActiveCfg = Release|Any CPU
		{E1A45F6C-1DEB-46EC-A317-CE31A413F1D4}.Release|Any CPU.Build.0 = Release|Any CPU
		{B27858C2-E417-4881-A775-4CD97BA58E3D}.Debug|Any CPU.ActiveCfg = Debug|Any CPU
		{B27858C2-E417-4881-A775-4CD97BA58E3D}.Debug|Any CPU.Build.0 = Debug|Any CPU
		{B27858C2-E417-4881-A775-4CD97BA58E3D}.Release|Any CPU.ActiveCfg = Release|Any CPU
		{B27858C2-E417-4881-A775-4CD97BA58E3D}.Release|Any CPU.Build.0 = Release|Any CPU
		{79F8FB48-0BB1-4673-ACF4-9E810A7AE729}.Debug|Any CPU.ActiveCfg = Debug|Any CPU
		{79F8FB48-0BB1-4673-ACF4-9E810A7AE729}.Debug|Any CPU.Build.0 = Debug|Any CPU
		{79F8FB48-0BB1-4673-ACF4-9E810A7AE729}.Release|Any CPU.ActiveCfg = Release|Any CPU
		{79F8FB48-0BB1-4673-ACF4-9E810A7AE729}.Release|Any CPU.Build.0 = Release|Any CPU
	EndGlobalSection
	GlobalSection(SolutionProperties) = preSolution
		HideSolutionNode = FALSE
	EndGlobalSection
	GlobalSection(ExtensibilityGlobals) = postSolution
		SolutionGuid = {948DEDE1-F4E8-4861-A57A-8B4DB0C813E9}
	EndGlobalSection
EndGlobal
